# This file was autogenerated by Stack.
# You should not edit this file by hand.
# For more information, please see the documentation at:
#   https://docs.haskellstack.org/en/stable/lock_files

packages: []
snapshots:
- completed:
    size: 514590
    url: https://raw.githubusercontent.com/commercialhaskell/stackage-snapshots/master/nightly/2020/7/24.yaml
    sha256: 347514e3d62da1b886772e507aae245f8e84f8a4be469e0cffa26fc572542794
  original: nightly-2020-07-24
